{
  "name": "sheet-node",
  "version": "0.1.0",
  "lockfileVersion": 1,
  "requires": true,
  "dependencies": {
    "@octokit/endpoint": {
      "version": "3.2.3",
      "resolved": "https://registry.npmjs.org/@octokit/endpoint/-/endpoint-3.2.3.tgz",
      "integrity": "sha512-yUPCt4vMIOclox13CUxzuKiPJIFo46b/6GhUnUTw5QySczN1L0DtSxgmIZrZV4SAb9EyAqrceoyrWoYVnfF2AA==",
      "requires": {
        "deepmerge": "3.2.0",
        "is-plain-object": "2.0.4",
        "universal-user-agent": "2.0.3",
        "url-template": "2.0.8"
      }
    },
    "@octokit/request": {
      "version": "2.4.2",
      "resolved": "https://registry.npmjs.org/@octokit/request/-/request-2.4.2.tgz",
      "integrity": "sha512-lxVlYYvwGbKSHXfbPk5vxEA8w4zHOH1wobado4a9EfsyD3Cbhuhus1w0Ye9Ro0eMubGO8kNy5d+xNFisM3Tvaw==",
      "requires": {
        "@octokit/endpoint": "3.2.3",
        "deprecation": "1.0.1",
        "is-plain-object": "2.0.4",
        "node-fetch": "2.3.0",
        "once": "1.4.0",
        "universal-user-agent": "2.0.3"
      }
    },
    "@octokit/rest": {
      "version": "16.19.0",
      "resolved": "https://registry.npmjs.org/@octokit/rest/-/rest-16.19.0.tgz",
      "integrity": "sha512-mUk/GU2LtV95OAM3FnvK7KFFNzUUzEGFldOhWliJnuhwBqxEag1gW85o//L6YphC9wLoTaZQOhCHmQcsCnt2ag==",
      "requires": {
        "@octokit/request": "2.4.2",
        "before-after-hook": "1.4.0",
        "btoa-lite": "1.0.0",
        "deprecation": "1.0.1",
        "lodash.get": "4.4.2",
        "lodash.set": "4.3.2",
        "lodash.uniq": "4.5.0",
        "octokit-pagination-methods": "1.1.0",
        "once": "1.4.0",
        "universal-user-agent": "2.0.3",
        "url-template": "2.0.8"
      }
    },
    "abort-controller": {
      "version": "2.0.3",
      "resolved": "https://registry.npmjs.org/abort-controller/-/abort-controller-2.0.3.tgz",
      "integrity": "sha512-EPSq5wr2aFyAZ1PejJB32IX9Qd4Nwus+adnp7STYFM5/23nLPBazqZ1oor6ZqbH+4otaaGXTlC8RN5hq3C8w9Q==",
      "requires": {
        "event-target-shim": "5.0.1"
      }
    },
    "agent-base": {
      "version": "4.2.1",
      "resolved": "https://registry.npmjs.org/agent-base/-/agent-base-4.2.1.tgz",
      "integrity": "sha512-JVwXMr9nHYTUXsBFKUqhJwvlcYU/blreOEUkhNR2eXZIvwd+c+o5V4MgDPKWnMS/56awN3TRzIP+KoPn+roQtg==",
      "requires": {
        "es6-promisify": "5.0.0"
      }
    },
    "base64-js": {
      "version": "1.3.0",
      "resolved": "https://registry.npmjs.org/base64-js/-/base64-js-1.3.0.tgz",
      "integrity": "sha512-ccav/yGvoa80BQDljCxsmmQ3Xvx60/UpBIij5QN21W3wBi/hhIC9OoO+KLpu9IJTS9j4DRVJ3aDDF9cMSoa2lw=="
    },
    "before-after-hook": {
      "version": "1.4.0",
      "resolved": "https://registry.npmjs.org/before-after-hook/-/before-after-hook-1.4.0.tgz",
      "integrity": "sha512-l5r9ir56nda3qu14nAXIlyq1MmUSs0meCIaFAh8HwkFwP1F8eToOuS3ah2VAHHcY04jaYD7FpJC5JTXHYRbkzg=="
    },
    "bignumber.js": {
      "version": "7.2.1",
      "resolved": "https://registry.npmjs.org/bignumber.js/-/bignumber.js-7.2.1.tgz",
      "integrity": "sha512-S4XzBk5sMB+Rcb/LNcpzXr57VRTxgAvaAEDAl1AwRx27j00hT84O6OkteE7u8UB3NuaaygCRrEpqox4uDOrbdQ=="
    },
    "btoa-lite": {
      "version": "1.0.0",
      "resolved": "https://registry.npmjs.org/btoa-lite/-/btoa-lite-1.0.0.tgz",
      "integrity": "sha1-M3dm2hWAEhD92VbCLpxokaudAzc="
    },
    "buffer-equal-constant-time": {
      "version": "1.0.1",
      "resolved": "https://registry.npmjs.org/buffer-equal-constant-time/-/buffer-equal-constant-time-1.0.1.tgz",
      "integrity": "sha1-+OcRMvf/5uAaXJaXpMbz5I1cyBk="
    },
    "cross-spawn": {
      "version": "6.0.5",
      "resolved": "https://registry.npmjs.org/cross-spawn/-/cross-spawn-6.0.5.tgz",
      "integrity": "sha512-eTVLrBSt7fjbDygz805pMnstIs2VTBNkRm0qxZd+M7A5XDdxVRWO5MxGBXZhjY4cqLYLdtrGqRf8mBPmzwSpWQ==",
      "requires": {
        "nice-try": "1.0.5",
        "path-key": "2.0.1",
        "semver": "5.6.0",
        "shebang-command": "1.2.0",
        "which": "1.3.1"
      }
    },
    "debug": {
      "version": "3.2.6",
      "resolved": "https://registry.npmjs.org/debug/-/debug-3.2.6.tgz",
      "integrity": "sha512-mel+jf7nrtEl5Pn1Qx46zARXKDpBbvzezse7p7LqINmdoIk8PYP5SySaxEmYv6TZ0JyEKA1hsCId6DIhgITtWQ==",
      "requires": {
        "ms": "2.1.1"
      }
    },
    "deepmerge": {
      "version": "3.2.0",
      "resolved": "https://registry.npmjs.org/deepmerge/-/deepmerge-3.2.0.tgz",
      "integrity": "sha512-6+LuZGU7QCNUnAJyX8cIrlzoEgggTM6B7mm+znKOX4t5ltluT9KLjN6g61ECMS0LTsLW7yDpNoxhix5FZcrIow=="
    },
    "deprecation": {
      "version": "1.0.1",
      "resolved": "https://registry.npmjs.org/deprecation/-/deprecation-1.0.1.tgz",
      "integrity": "sha512-ccVHpE72+tcIKaGMql33x5MAjKQIZrk+3x2GbJ7TeraUCZWHoT+KSZpoC+JQFsUBlSTXUrBaGiF0j6zVTepPLg=="
    },
    "ecdsa-sig-formatter": {
      "version": "1.0.11",
      "resolved": "https://registry.npmjs.org/ecdsa-sig-formatter/-/ecdsa-sig-formatter-1.0.11.tgz",
      "integrity": "sha512-nagl3RYrbNv6kQkeJIpt6NJZy8twLB/2vtz6yN9Z4vRKHN4/QZJIEbqohALSgwKdnksuY3k5Addp5lg8sVoVcQ==",
      "requires": {
        "safe-buffer": "5.1.2"
      }
    },
    "es6-promise": {
      "version": "4.2.6",
      "resolved": "https://registry.npmjs.org/es6-promise/-/es6-promise-4.2.6.tgz",
      "integrity": "sha512-aRVgGdnmW2OiySVPUC9e6m+plolMAJKjZnQlCwNSuK5yQ0JN61DZSO1X1Ufd1foqWRAlig0rhduTCHe7sVtK5Q=="
    },
    "es6-promisify": {
      "version": "5.0.0",
      "resolved": "https://registry.npmjs.org/es6-promisify/-/es6-promisify-5.0.0.tgz",
      "integrity": "sha1-UQnWLz5W6pZ8S2NQWu8IKRyKUgM=",
      "requires": {
        "es6-promise": "4.2.6"
      }
    },
    "event-target-shim": {
      "version": "5.0.1",
      "resolved": "https://registry.npmjs.org/event-target-shim/-/event-target-shim-5.0.1.tgz",
      "integrity": "sha512-i/2XbnSz/uxRCU6+NdVJgKWDTM427+MqYbkQzD321DuCQJUqOuJKIA0IM2+W2xtYHdKOmZ4dR6fExsd4SXL+WQ=="
    },
    "execa": {
      "version": "0.10.0",
      "resolved": "https://registry.npmjs.org/execa/-/execa-0.10.0.tgz",
      "integrity": "sha512-7XOMnz8Ynx1gGo/3hyV9loYNPWM94jG3+3T3Y8tsfSstFmETmENCMU/A/zj8Lyaj1lkgEepKepvd6240tBRvlw==",
      "requires": {
        "cross-spawn": "6.0.5",
        "get-stream": "3.0.0",
        "is-stream": "1.1.0",
        "npm-run-path": "2.0.2",
        "p-finally": "1.0.0",
        "signal-exit": "3.0.2",
        "strip-eof": "1.0.0"
      }
    },
    "extend": {
      "version": "3.0.2",
      "resolved": "https://registry.npmjs.org/extend/-/extend-3.0.2.tgz",
      "integrity": "sha512-fjquC59cD7CyW6urNXK0FBufkZcoiGG80wTuPujX590cB5Ttln20E2UB4S/WARVqhXffZl2LNgS+gQdPIIim/g=="
    },
    "fast-text-encoding": {
      "version": "1.0.0",
      "resolved": "https://registry.npmjs.org/fast-text-encoding/-/fast-text-encoding-1.0.0.tgz",
      "integrity": "sha512-R9bHCvweUxxwkDwhjav5vxpFvdPGlVngtqmx4pIZfSUhM/Q4NiIUHB456BAf+Q1Nwu3HEZYONtu+Rya+af4jiQ=="
    },
    "gaxios": {
      "version": "1.8.2",
      "resolved": "https://registry.npmjs.org/gaxios/-/gaxios-1.8.2.tgz",
      "integrity": "sha512-Mp6zmABg+0CxJA4b7DEWQ4ZWQzEaWxRNmHAcvCO+HU3dfoFTY925bdpZrTkLWPEtKjS9RBJKrJInzb+VtvAVYA==",
      "requires": {
        "abort-controller": "2.0.3",
        "extend": "3.0.2",
        "https-proxy-agent": "2.2.1",
        "node-fetch": "2.3.0"
      }
    },
    "gcp-metadata": {
      "version": "0.9.3",
      "resolved": "https://registry.npmjs.org/gcp-metadata/-/gcp-metadata-0.9.3.tgz",
      "integrity": "sha512-caV4S84xAjENtpezLCT/GILEAF5h/bC4cNqZFmt/tjTn8t+JBtTkQrgBrJu3857YdsnlM8rxX/PMcKGtE8hUlw==",
      "requires": {
        "gaxios": "1.8.2",
        "json-bigint": "0.3.0"
      }
    },
    "get-stream": {
      "version": "3.0.0",
      "resolved": "https://registry.npmjs.org/get-stream/-/get-stream-3.0.0.tgz",
      "integrity": "sha1-jpQ9E1jcN1VQVOy+LtsFqhdO3hQ="
    },
    "google-auth-library": {
      "version": "3.1.0",
      "resolved": "https://registry.npmjs.org/google-auth-library/-/google-auth-library-3.1.0.tgz",
      "integrity": "sha512-EntjrOgSffw5EhZGoV8+ROPwEK/aQpoMZaULw3bKailEGdjaUI25PmmFc4AN6vG/Q24YEUiuLxtTXa1Usar5Eg==",
      "requires": {
        "base64-js": "1.3.0",
        "fast-text-encoding": "1.0.0",
        "gaxios": "1.8.2",
        "gcp-metadata": "0.9.3",
        "gtoken": "2.3.3",
        "https-proxy-agent": "2.2.1",
        "jws": "3.2.1",
        "lru-cache": "5.1.1",
        "semver": "5.6.0"
      }
    },
    "google-p12-pem": {
      "version": "1.0.4",
      "resolved": "https://registry.npmjs.org/google-p12-pem/-/google-p12-pem-1.0.4.tgz",
      "integrity": "sha512-SwLAUJqUfTB2iS+wFfSS/G9p7bt4eWcc2LyfvmUXe7cWp6p3mpxDo6LLI29MXdU6wvPcQ/up298X7GMC5ylAlA==",
      "requires": {
        "node-forge": "0.8.1",
        "pify": "4.0.1"
      }
    },
    "googleapis": {
      "version": "38.0.0",
      "resolved": "https://registry.npmjs.org/googleapis/-/googleapis-38.0.0.tgz",
      "integrity": "sha512-8p3gYviQniL4bsRJV79ZIXHEPjVpI+z8UBNrrHcBOv6aEGWZPKa2bpStMocHXNQ4E39GhZdMON857e0BAJ2Z0Q==",
      "requires": {
        "google-auth-library": "3.1.0",
        "googleapis-common": "0.7.2"
      }
    },
    "googleapis-common": {
      "version": "0.7.2",
      "resolved": "https://registry.npmjs.org/googleapis-common/-/googleapis-common-0.7.2.tgz",
      "integrity": "sha512-9DEJIiO4nS7nw0VE1YVkEfXEj8x8MxsuB+yZIpOBULFSN9OIKcUU8UuKgSZFU4lJmRioMfngktrbkMwWJcUhQg==",
      "requires": {
        "gaxios": "1.8.2",
        "google-auth-library": "3.1.0",
        "pify": "4.0.1",
        "qs": "6.6.0",
        "url-template": "2.0.8",
        "uuid": "3.3.2"
      }
    },
    "gtoken": {
      "version": "2.3.3",
      "resolved": "https://registry.npmjs.org/gtoken/-/gtoken-2.3.3.tgz",
      "integrity": "sha512-EaB49bu/TCoNeQjhCYKI/CurooBKkGxIqFHsWABW0b25fobBYVTMe84A8EBVVZhl8emiUdNypil9huMOTmyAnw==",
      "requires": {
        "gaxios": "1.8.2",
        "google-p12-pem": "1.0.4",
        "jws": "3.2.1",
        "mime": "2.4.0",
        "pify": "4.0.1"
      }
    },
    "https-proxy-agent": {
      "version": "2.2.1",
      "resolved": "https://registry.npmjs.org/https-proxy-agent/-/https-proxy-agent-2.2.1.tgz",
      "integrity": "sha512-HPCTS1LW51bcyMYbxUIOO4HEOlQ1/1qRaFWcyxvwaqUS9TY88aoEuHUY33kuAh1YhVVaDQhLZsnPd+XNARWZlQ==",
      "requires": {
        "agent-base": "4.2.1",
        "debug": "3.2.6"
      }
    },
    "is-plain-object": {
      "version": "2.0.4",
      "resolved": "https://registry.npmjs.org/is-plain-object/-/is-plain-object-2.0.4.tgz",
      "integrity": "sha512-h5PpgXkWitc38BBMYawTYMWJHFZJVnBquFE57xFpjB8pJFiF6gZ+bU+WyI/yqXiFR5mdLsgYNaPe8uao6Uv9Og==",
      "requires": {
        "isobject": "3.0.1"
      }
    },
    "is-stream": {
      "version": "1.1.0",
      "resolved": "https://registry.npmjs.org/is-stream/-/is-stream-1.1.0.tgz",
      "integrity": "sha1-EtSj3U5o4Lec6428hBc66A2RykQ="
    },
    "isexe": {
      "version": "2.0.0",
      "resolved": "https://registry.npmjs.org/isexe/-/isexe-2.0.0.tgz",
      "integrity": "sha1-6PvzdNxVb/iUehDcsFctYz8s+hA="
    },
    "isobject": {
      "version": "3.0.1",
      "resolved": "https://registry.npmjs.org/isobject/-/isobject-3.0.1.tgz",
      "integrity": "sha1-TkMekrEalzFjaqH5yNHMvP2reN8="
    },
    "json-bigint": {
      "version": "0.3.0",
      "resolved": "https://registry.npmjs.org/json-bigint/-/json-bigint-0.3.0.tgz",
      "integrity": "sha1-DM2RLEuCcNBfBW+9E4FLU9OCWx4=",
      "requires": {
        "bignumber.js": "7.2.1"
      }
    },
    "jwa": {
      "version": "1.4.0",
      "resolved": "https://registry.npmjs.org/jwa/-/jwa-1.4.0.tgz",
      "integrity": "sha512-mt6IHaq0ZZWDBspg0Pheu3r9sVNMEZn+GJe1zcdYyhFcDSclp3J8xEdO4PjZolZ2i8xlaVU1LetHM0nJejYsEw==",
      "requires": {
        "buffer-equal-constant-time": "1.0.1",
        "ecdsa-sig-formatter": "1.0.11",
        "safe-buffer": "5.1.2"
      }
    },
    "jws": {
      "version": "3.2.1",
      "resolved": "https://registry.npmjs.org/jws/-/jws-3.2.1.tgz",
      "integrity": "sha512-bGA2omSrFUkd72dhh05bIAN832znP4wOU3lfuXtRBuGTbsmNmDXMQg28f0Vsxaxgk4myF5YkKQpz6qeRpMgX9g==",
      "requires": {
        "jwa": "1.4.0",
        "safe-buffer": "5.1.2"
      }
    },
    "lodash.get": {
      "version": "4.4.2",
      "resolved": "https://registry.npmjs.org/lodash.get/-/lodash.get-4.4.2.tgz",
      "integrity": "sha1-LRd/ZS+jHpObRDjVNBSZ36OCXpk="
    },
    "lodash.set": {
      "version": "4.3.2",
      "resolved": "https://registry.npmjs.org/lodash.set/-/lodash.set-4.3.2.tgz",
      "integrity": "sha1-2HV7HagH3eJIFrDWqEvqGnYjCyM="
    },
    "lodash.uniq": {
      "version": "4.5.0",
      "resolved": "https://registry.npmjs.org/lodash.uniq/-/lodash.uniq-4.5.0.tgz",
      "integrity": "sha1-0CJTc662Uq3BvILklFM5qEJ1R3M="
    },
    "lru-cache": {
      "version": "5.1.1",
      "resolved": "https://registry.npmjs.org/lru-cache/-/lru-cache-5.1.1.tgz",
      "integrity": "sha512-KpNARQA3Iwv+jTA0utUVVbrh+Jlrr1Fv0e56GGzAFOXN7dk/FviaDW8LHmK52DlcH4WP2n6gI8vN1aesBFgo9w==",
      "requires": {
        "yallist": "3.0.3"
      }
    },
    "macos-release": {
      "version": "2.1.0",
      "resolved": "https://registry.npmjs.org/macos-release/-/macos-release-2.1.0.tgz",
      "integrity": "sha512-8TCbwvN1mfNxbBv0yBtfyIFMo3m1QsNbKHv7PYIp/abRBKVQBXN7ecu3aeGGgT18VC/Tf397LBDGZF9KBGJFFw=="
    },
    "mime": {
      "version": "2.4.0",
      "resolved": "https://registry.npmjs.org/mime/-/mime-2.4.0.tgz",
      "integrity": "sha512-ikBcWwyqXQSHKtciCcctu9YfPbFYZ4+gbHEmE0Q8jzcTYQg5dHCr3g2wwAZjPoJfQVXZq6KXAjpXOTf5/cjT7w=="
    },
    "ms": {
      "version": "2.1.1",
      "resolved": "https://registry.npmjs.org/ms/-/ms-2.1.1.tgz",
      "integrity": "sha512-tgp+dl5cGk28utYktBsrFqA7HKgrhgPsg6Z/EfhWI4gl1Hwq8B/GmY/0oXZ6nF8hDVesS/FpnYaD/kOWhYQvyg=="
    },
    "nice-try": {
      "version": "1.0.5",
      "resolved": "https://registry.npmjs.org/nice-try/-/nice-try-1.0.5.tgz",
      "integrity": "sha512-1nh45deeb5olNY7eX82BkPO7SSxR5SSYJiPTrTdFUVYwAl8CKMA5N9PjTYkHiRjisVcxcQ1HXdLhx2qxxJzLNQ=="
    },
    "node-fetch": {
      "version": "2.3.0",
      "resolved": "https://registry.npmjs.org/node-fetch/-/node-fetch-2.3.0.tgz",
      "integrity": "sha512-MOd8pV3fxENbryESLgVIeaGKrdl+uaYhCSSVkjeOb/31/njTpcis5aWfdqgNlHIrKOLRbMnfPINPOML2CIFeXA=="
    },
    "node-forge": {
      "version": "0.8.1",
      "resolved": "https://registry.npmjs.org/node-forge/-/node-forge-0.8.1.tgz",
      "integrity": "sha512-C/42HVb5eRtnDgRKOFx4bJH6LwbGQwbEHOC/trQwQSR6xWAUR/jlWoUJnxOmFTvdmDIZtjl2VH4dl3VpQuIz5g=="
    },
    "npm-run-path": {
      "version": "2.0.2",
      "resolved": "https://registry.npmjs.org/npm-run-path/-/npm-run-path-2.0.2.tgz",
      "integrity": "sha1-NakjLfo11wZ7TLLd8jV7GHFTbF8=",
      "requires": {
        "path-key": "2.0.1"
      }
    },
    "octokit-pagination-methods": {
      "version": "1.1.0",
      "resolved": "https://registry.npmjs.org/octokit-pagination-methods/-/octokit-pagination-methods-1.1.0.tgz",
      "integrity": "sha512-fZ4qZdQ2nxJvtcasX7Ghl+WlWS/d9IgnBIwFZXVNNZUmzpno91SX5bc5vuxiuKoCtK78XxGGNuSCrDC7xYB3OQ=="
    },
    "once": {
      "version": "1.4.0",
      "resolved": "https://registry.npmjs.org/once/-/once-1.4.0.tgz",
      "integrity": "sha1-WDsap3WWHUsROsF9nFC6753Xa9E=",
      "requires": {
        "wrappy": "1.0.2"
      }
    },
    "os-name": {
      "version": "3.0.0",
      "resolved": "https://registry.npmjs.org/os-name/-/os-name-3.0.0.tgz",
      "integrity": "sha512-7c74tib2FsdFbQ3W+qj8Tyd1R3Z6tuVRNNxXjJcZ4NgjIEQU9N/prVMqcW29XZPXGACqaXN3jq58/6hoaoXH6g==",
      "requires": {
        "macos-release": "2.1.0",
        "windows-release": "3.1.0"
      }
    },
    "p-finally": {
      "version": "1.0.0",
      "resolved": "https://registry.npmjs.org/p-finally/-/p-finally-1.0.0.tgz",
      "integrity": "sha1-P7z7FbiZpEEjs0ttzBi3JDNqLK4="
    },
    "path-key": {
      "version": "2.0.1",
      "resolved": "https://registry.npmjs.org/path-key/-/path-key-2.0.1.tgz",
      "integrity": "sha1-QRyttXTFoUDTpLGRDUDYDMn0C0A="
    },
    "pify": {
      "version": "4.0.1",
      "resolved": "https://registry.npmjs.org/pify/-/pify-4.0.1.tgz",
      "integrity": "sha512-uB80kBFb/tfd68bVleG9T5GGsGPjJrLAUpR5PZIrhBnIaRTQRjqdJSsIKkOP6OAIFbj7GOrcudc5pNjZ+geV2g=="
    },
    "qs": {
      "version": "6.6.0",
      "resolved": "https://registry.npmjs.org/qs/-/qs-6.6.0.tgz",
      "integrity": "sha512-KIJqT9jQJDQx5h5uAVPimw6yVg2SekOKu959OCtktD3FjzbpvaPr8i4zzg07DOMz+igA4W/aNM7OV8H37pFYfA=="
    },
    "readline-promise": {
      "version": "1.0.4",
      "resolved": "https://registry.npmjs.org/readline-promise/-/readline-promise-1.0.4.tgz",
      "integrity": "sha512-b6fycDK7CZWpVXbTl8qnW2jovXPduWKpZGyVZbjK/V4A9iiTU4gur+JEkjjgGKLiDZOftkRCT/dxGLG6hR9HyA=="
    },
    "safe-buffer": {
      "version": "5.1.2",
      "resolved": "https://registry.npmjs.org/safe-buffer/-/safe-buffer-5.1.2.tgz",
      "integrity": "sha512-Gd2UZBJDkXlY7GbJxfsE8/nvKkUEU1G38c1siN6QP6a9PT9MmHB8GnpscSmMJSoF8LOIrt8ud/wPtojys4G6+g=="
    },
    "semver": {
      "version": "5.6.0",
      "resolved": "https://registry.npmjs.org/semver/-/semver-5.6.0.tgz",
      "integrity": "sha512-RS9R6R35NYgQn++fkDWaOmqGoj4Ek9gGs+DPxNUZKuwE183xjJroKvyo1IzVFeXvUrvmALy6FWD5xrdJT25gMg=="
    },
    "shebang-command": {
      "version": "1.2.0",
      "resolved": "https://registry.npmjs.org/shebang-command/-/shebang-command-1.2.0.tgz",
      "integrity": "sha1-RKrGW2lbAzmJaMOfNj/uXer98eo=",
      "requires": {
        "shebang-regex": "1.0.0"
      }
    },
    "shebang-regex": {
      "version": "1.0.0",
      "resolved": "https://registry.npmjs.org/shebang-regex/-/shebang-regex-1.0.0.tgz",
      "integrity": "sha1-2kL0l0DAtC2yypcoVxyxkMmO/qM="
    },
    "signal-exit": {
      "version": "3.0.2",
      "resolved": "https://registry.npmjs.org/signal-exit/-/signal-exit-3.0.2.tgz",
      "integrity": "sha1-tf3AjxKH6hF4Yo5BXiUTK3NkbG0="
    },
    "strip-eof": {
      "version": "1.0.0",
      "resolved": "https://registry.npmjs.org/strip-eof/-/strip-eof-1.0.0.tgz",
      "integrity": "sha1-u0P/VZim6wXYm1n80SnJgzE2Br8="
    },
    "universal-user-agent": {
      "version": "2.0.3",
      "resolved": "https://registry.npmjs.org/universal-user-agent/-/universal-user-agent-2.0.3.tgz",
      "integrity": "sha512-eRHEHhChCBHrZsA4WEhdgiOKgdvgrMIHwnwnqD0r5C6AO8kwKcG7qSku3iXdhvHL3YvsS9ZkSGN8h/hIpoFC8g==",
      "requires": {
        "os-name": "3.0.0"
      }
    },
    "url-template": {
      "version": "2.0.8",
      "resolved": "https://registry.npmjs.org/url-template/-/url-template-2.0.8.tgz",
      "integrity": "sha1-/FZaPMy/93MMd19WQflVV5FDnyE="
    },
    "uuid": {
      "version": "3.3.2",
      "resolved": "https://registry.npmjs.org/uuid/-/uuid-3.3.2.tgz",
      "integrity": "sha512-yXJmeNaw3DnnKAOKJE51sL/ZaYfWJRl1pK9dr19YFCu0ObS231AB1/LbqTKRAQ5kw8A90rA6fr4riOUpTZvQZA=="
    },
    "which": {
      "version": "1.3.1",
      "resolved": "https://registry.npmjs.org/which/-/which-1.3.1.tgz",
      "integrity": "sha512-HxJdYWq1MTIQbJ3nw0cqssHoTNU267KlrDuGZ1WYlxDStUtKUhOaJmh112/TZmHxxUfuJqPXSOm7tDyas0OSIQ==",
      "requires": {
        "isexe": "2.0.0"
      }
    },
    "windows-release": {
      "version": "3.1.0",
      "resolved": "https://registry.npmjs.org/windows-release/-/windows-release-3.1.0.tgz",
      "integrity": "sha512-hBb7m7acFgQPQc222uEQTmdcGLeBmQLNLFIh0rDk3CwFOBrfjefLzEfEfmpMq8Af/n/GnFf3eYf203FY1PmudA==",
      "requires": {
        "execa": "0.10.0"
      }
    },
    "wrappy": {
      "version": "1.0.2",
      "resolved": "https://registry.npmjs.org/wrappy/-/wrappy-1.0.2.tgz",
      "integrity": "sha1-tSQ9jz7BqjXxNkYFvA0QNuMKtp8="
    },
    "yallist": {
      "version": "3.0.3",
      "resolved": "https://registry.npmjs.org/yallist/-/yallist-3.0.3.tgz",
      "integrity": "sha512-S+Zk8DEWE6oKpV+vI3qWkaK+jSbIK86pCwe2IF/xwIpQ8jEuxpw9NyaGjmp9+BoJv5FV2piqCDcoCtStppiq2A=="
    }
  }
}
